
Microsoft Visual Studio Solution File, Format Version 12.00
# Visual Studio Version 17
VisualStudioVersion = 17.0.31903.59
MinimumVisualStudioVersion = 10.0.40219.1
Project("{2150E333-8FDC-42A3-9474-1A3956D46DE8}") = "src", "src", "{523023E8-F7A6-48F9-9169-32BF8393B846}"
EndProject
Project("{FAE04EC0-301F-11D3-BF4B-00C04F79EFBC}") = "GradeBook", "src\GradeBook\GradeBook.csproj", "{34421BEC-BB2C-46A7-A28E-D965B4953154}"
EndProject
Project("{2150E333-8FDC-42A3-9474-1A3956D46DE8}") = "test", "test", "{0C0B63F0-EC48-4033-B28A-6A5B6A2BBF5E}"
EndProject
Project("{FAE04EC0-301F-11D3-BF4B-00C04F79EFBC}") = "GradeBook.Tests", "test\GradeBook.Tests\GradeBook.Tests.csproj", "{7806B955-7893-4388-8DEC-9FB6FA0FB8ED}"
EndProject
Global
	GlobalSection(SolutionConfigurationPlatforms) = preSolution
		Debug|Any CPU = Debug|Any CPU
		Release|Any CPU = Release|Any CPU
	EndGlobalSection
	GlobalSection(SolutionProperties) = preSolution
		HideSolutionNode = FALSE
	EndGlobalSection
	GlobalSection(ProjectConfigurationPlatforms) = postSolution
		{34421BEC-BB2C-46A7-A28E-D965B4953154}.Debug|Any CPU.ActiveCfg = Debug|Any CPU
		{34421BEC-BB2C-46A7-A28E-D965B4953154}.Debug|Any CPU.Build.0 = Debug|Any CPU
		{34421BEC-BB2C-46A7-A28E-D965B4953154}.Release|Any CPU.ActiveCfg = Release|Any CPU
		{34421BEC-BB2C-46A7-A28E-D965B4953154}.Release|Any CPU.Build.0 = Release|Any CPU
		{7806B955-7893-4388-8DEC-9FB6FA0FB8ED}.Debug|Any CPU.ActiveCfg = Debug|Any CPU
		{7806B955-7893-4388-8DEC-9FB6FA0FB8ED}.Debug|Any CPU.Build.0 = Debug|Any CPU
		{7806B955-7893-4388-8DEC-9FB6FA0FB8ED}.Release|Any CPU.ActiveCfg = Release|Any CPU
		{7806B955-7893-4388-8DEC-9FB6FA0FB8ED}.Release|Any CPU.Build.0 = Release|Any CPU
	EndGlobalSection
	GlobalSection(NestedProjects) = preSolution
		{34421BEC-BB2C-46A7-A28E-D965B4953154} = {523023E8-F7A6-48F9-9169-32BF8393B846}
		{7806B955-7893-4388-8DEC-9FB6FA0FB8ED} = {0C0B63F0-EC48-4033-B28A-6A5B6A2BBF5E}
	EndGlobalSection
EndGlobal
